
Microsoft Visual Studio Solution File, Format Version 12.00
# Visual Studio Version 16
VisualStudioVersion = 16.0.30907.101
MinimumVisualStudioVersion = 10.0.40219.1
Project("{FAE04EC0-301F-11D3-BF4B-00C04F79EFBC}") = "SimpleFlipperDemo", "SimpleFlipperDemo\SimpleFlipperDemo.csproj", "{F0221844-04D8-4C37-963A-FE4BCB230A2A}"
EndProject
Global
	GlobalSection(SolutionConfigurationPlatforms) = preSolution
		Debug|Any CPU = Debug|Any CPU
		Release|Any CPU = Release|Any CPU
	EndGlobalSection
	GlobalSection(ProjectConfigurationPlatforms) = postSolution
		{F0221844-04D8-4C37-963A-FE4BCB230A2A}.Debug|Any CPU.ActiveCfg = Debug|Any CPU
		{F0221844-04D8-4C37-963A-FE4BCB230A2A}.Debug|Any CPU.Build.0 = Debug|Any CPU
		{F0221844-04D8-4C37-963A-FE4BCB230A2A}.Release|Any CPU.ActiveCfg = Release|Any CPU
		{F0221844-04D8-4C37-963A-FE4BCB230A2A}.Release|Any CPU.Build.0 = Release|Any CPU
	EndGlobalSection
	GlobalSection(SolutionProperties) = preSolution
		HideSolutionNode = FALSE
	EndGlobalSection
	GlobalSection(ExtensibilityGlobals) = postSolution
		SolutionGuid = {AE75D31B-DB1F-4725-8ACA-A3BDC400A052}
	EndGlobalSection
EndGlobal
